
Microsoft Visual Studio Solution File, Format Version 12.00
# Visual Studio Version 17
VisualStudioVersion = 17.7.34024.191
MinimumVisualStudioVersion = 10.0.40219.1
Project("{FAE04EC0-301F-11D3-BF4B-00C04F79EFBC}") = "DesempenioDos", "DesempenioDos\DesempenioDos.csproj", "{C8A0663A-606D-42CF-8937-05D11650E34C}"
EndProject
Global
	GlobalSection(SolutionConfigurationPlatforms) = preSolution
		Debug|Any CPU = Debug|Any CPU
		Release|Any CPU = Release|Any CPU
	EndGlobalSection
	GlobalSection(ProjectConfigurationPlatforms) = postSolution
		{C8A0663A-606D-42CF-8937-05D11650E34C}.Debug|Any CPU.ActiveCfg = Debug|Any CPU
		{C8A0663A-606D-42CF-8937-05D11650E34C}.Debug|Any CPU.Build.0 = Debug|Any CPU
		{C8A0663A-606D-42CF-8937-05D11650E34C}.Release|Any CPU.ActiveCfg = Release|Any CPU
		{C8A0663A-606D-42CF-8937-05D11650E34C}.Release|Any CPU.Build.0 = Release|Any CPU
	EndGlobalSection
	GlobalSection(SolutionProperties) = preSolution
		HideSolutionNode = FALSE
	EndGlobalSection
	GlobalSection(ExtensibilityGlobals) = postSolution
		SolutionGuid = {DA7CC86B-291A-4E90-BBA6-08F377B2285B}
	EndGlobalSection
EndGlobal
